
Microsoft Visual Studio Solution File, Format Version 12.00
# Visual Studio Version 16
VisualStudioVersion = 16.0.810.6
MinimumVisualStudioVersion = 10.0.40219.1
Project("{9A19103F-16F7-4668-BE54-9A1E7A4F7556}") = "OdeToFood", "OdeToFood\OdeToFood.csproj", "{6A20F0EA-3A0D-4777-A0D0-4AA6155F85CA}"
EndProject
Project("{9A19103F-16F7-4668-BE54-9A1E7A4F7556}") = "OdeToFood.Core", "OdeToFood.Core\OdeToFood.Core.csproj", "{983425E2-8846-4B3E-AC58-7D69E4E2D9BB}"
EndProject
Project("{9A19103F-16F7-4668-BE54-9A1E7A4F7556}") = "OdeToFood.Data", "OdeToFood.Data\OdeToFood.Data.csproj", "{84B2283E-AF7C-403A-AAF8-D4EF7E217876}"
EndProject
Global
	GlobalSection(SolutionConfigurationPlatforms) = preSolution
		Debug|Any CPU = Debug|Any CPU
		Release|Any CPU = Release|Any CPU
	EndGlobalSection
	GlobalSection(ProjectConfigurationPlatforms) = postSolution
		{6A20F0EA-3A0D-4777-A0D0-4AA6155F85CA}.Debug|Any CPU.ActiveCfg = Debug|Any CPU
		{6A20F0EA-3A0D-4777-A0D0-4AA6155F85CA}.Debug|Any CPU.Build.0 = Debug|Any CPU
		{6A20F0EA-3A0D-4777-A0D0-4AA6155F85CA}.Release|Any CPU.ActiveCfg = Release|Any CPU
		{6A20F0EA-3A0D-4777-A0D0-4AA6155F85CA}.Release|Any CPU.Build.0 = Release|Any CPU
		{983425E2-8846-4B3E-AC58-7D69E4E2D9BB}.Debug|Any CPU.ActiveCfg = Debug|Any CPU
		{983425E2-8846-4B3E-AC58-7D69E4E2D9BB}.Debug|Any CPU.Build.0 = Debug|Any CPU
		{983425E2-8846-4B3E-AC58-7D69E4E2D9BB}.Release|Any CPU.ActiveCfg = Release|Any CPU
		{983425E2-8846-4B3E-AC58-7D69E4E2D9BB}.Release|Any CPU.Build.0 = Release|Any CPU
		{84B2283E-AF7C-403A-AAF8-D4EF7E217876}.Debug|Any CPU.ActiveCfg = Debug|Any CPU
		{84B2283E-AF7C-403A-AAF8-D4EF7E217876}.Debug|Any CPU.Build.0 = Debug|Any CPU
		{84B2283E-AF7C-403A-AAF8-D4EF7E217876}.Release|Any CPU.ActiveCfg = Release|Any CPU
		{84B2283E-AF7C-403A-AAF8-D4EF7E217876}.Release|Any CPU.Build.0 = Release|Any CPU
	EndGlobalSection
	GlobalSection(SolutionProperties) = preSolution
		HideSolutionNode = FALSE
	EndGlobalSection
	GlobalSection(ExtensibilityGlobals) = postSolution
		SolutionGuid = {EA762C58-2AD4-4E8E-8E53-EA02370C059C}
	EndGlobalSection
EndGlobal
